{
  "version": 4,
  "terraform_version": "1.14.3",
  "serial": 43,
  "lineage": "212d20da-7672-5b10-1dda-7af77fa565d5",
  "outputs": {
    "acr_login_server": {
      "value": "feedcordacr.azurecr.io",
      "type": "string"
    },
    "azure_credentials_json": {
      "value": "{\"clientId\":\"bca90f80-24b9-4123-b86c-470934d79ff2\",\"subscriptionId\":\"a74ef4fa-1be6-424d-ad49-7ed3931f2b4c\",\"tenantId\":\"148fdc2b-27f0-4526-9578-2237362e67a7\"}",
      "type": "string",
      "sensitive": true
    },
    "container_app_principal_id": {
      "value": "4738758c-6536-4c9b-87b5-dec2cc613423",
      "type": "string"
    },
    "container_app_url": {
      "value": "feedcord-app--yzdwkpz.icywater-895f4509.eastus.azurecontainerapps.io",
      "type": "string"
    }
  },
  "resources": [
    {
      "mode": "data",
      "type": "azurerm_client_config",
      "name": "current",
      "provider": "provider[\"registry.terraform.io/hashicorp/azurerm\"]",
      "instances": [
        {
          "schema_version": 0,
          "attributes": {
            "client_id": "04b07795-8ddb-461a-bbee-02f9e1bf7b46",
            "id": "Y2xpZW50Q29uZmlncy9jbGllbnRJZD0wNGIwNzc5NS04ZGRiLTQ2MWEtYmJlZS0wMmY5ZTFiZjdiNDY7b2JqZWN0SWQ9OGI1Njg4OTctNTdjZi00N2MxLWJkZWItZDhjNmY1NDNkNjA4O3N1YnNjcmlwdGlvbklkPWE3NGVmNGZhLTFiZTYtNDI0ZC1hZDQ5LTdlZDM5MzFmMmI0Yzt0ZW5hbnRJZD0xNDhmZGMyYi0yN2YwLTQ1MjYtOTU3OC0yMjM3MzYyZTY3YTc=",
            "object_id": "8b568897-57cf-47c1-bdeb-d8c6f543d608",
            "subscription_id": "a74ef4fa-1be6-424d-ad49-7ed3931f2b4c",
            "tenant_id": "148fdc2b-27f0-4526-9578-2237362e67a7",
            "timeouts": null
          },
          "sensitive_attributes": [],
          "identity_schema_version": 0
        }
      ]
    },
    {
      "mode": "data",
      "type": "azurerm_subscription",
      "name": "current",
      "provider": "provider[\"registry.terraform.io/hashicorp/azurerm\"]",
      "instances": [
        {
          "schema_version": 0,
          "attributes": {
            "display_name": "Cloud Lab",
            "id": "/subscriptions/a74ef4fa-1be6-424d-ad49-7ed3931f2b4c",
            "location_placement_id": "Public_2014-09-01",
            "quota_id": "PayAsYouGo_2014-09-01",
            "spending_limit": "Off",
            "state": "Enabled",
            "subscription_id": "a74ef4fa-1be6-424d-ad49-7ed3931f2b4c",
            "tags": {},
            "tenant_id": "148fdc2b-27f0-4526-9578-2237362e67a7",
            "timeouts": null
          },
          "sensitive_attributes": [],
          "identity_schema_version": 0
        }
      ]
    },
    {
      "mode": "managed",
      "type": "azuread_application",
      "name": "github_actions",
      "provider": "provider[\"registry.terraform.io/hashicorp/azuread\"]",
      "instances": [
        {
          "schema_version": 2,
          "attributes": {
            "api": [
              {
                "known_client_applications": [],
                "mapped_claims_enabled": false,
                "oauth2_permission_scope": [],
                "requested_access_token_version": 1
              }
            ],
            "app_role": [],
            "app_role_ids": {},
            "application_id": "bca90f80-24b9-4123-b86c-470934d79ff2",
            "client_id": "bca90f80-24b9-4123-b86c-470934d79ff2",
            "description": "",
            "device_only_auth_enabled": false,
            "disabled_by_microsoft": "\u003cnil\u003e",
            "display_name": "github-feedcord-sp",
            "fallback_public_client_enabled": false,
            "feature_tags": [
              {
                "custom_single_sign_on": false,
                "enterprise": false,
                "gallery": false,
                "hide": false
              }
            ],
            "group_membership_claims": null,
            "id": "/applications/1505e60f-08a4-4147-aa2e-2b01d21815c0",
            "identifier_uris": null,
            "logo_image": "",
            "logo_url": "",
            "marketing_url": "",
            "notes": "",
            "oauth2_permission_scope_ids": {},
            "oauth2_post_response_required": false,
            "object_id": "1505e60f-08a4-4147-aa2e-2b01d21815c0",
            "optional_claims": [
              {
                "access_token": [],
                "id_token": [],
                "saml2_token": []
              }
            ],
            "owners": [
              "8b568897-57cf-47c1-bdeb-d8c6f543d608"
            ],
            "password": [],
            "prevent_duplicate_names": false,
            "privacy_statement_url": "",
            "public_client": [
              {
                "redirect_uris": []
              }
            ],
            "publisher_domain": "nolimitplaya007hotmail.onmicrosoft.com",
            "required_resource_access": [],
            "service_management_reference": "",
            "sign_in_audience": "AzureADMyOrg",
            "single_page_application": [
              {
                "redirect_uris": []
              }
            ],
            "support_url": "",
            "tags": [],
            "template_id": "",
            "terms_of_service_url": "",
            "timeouts": null,
            "web": [
              {
                "homepage_url": "",
                "implicit_grant": [
                  {
                    "access_token_issuance_enabled": false,
                    "id_token_issuance_enabled": false
                  }
                ],
                "logout_url": "",
                "redirect_uris": []
              }
            ]
          },
          "sensitive_attributes": [],
          "identity_schema_version": 0,
          "private": "eyJlMmJmYjczMC1lY2FhLTExZTYtOGY4OC0zNDM2M2JjN2M0YzAiOnsiY3JlYXRlIjo2MDAwMDAwMDAwMDAsImRlbGV0ZSI6MzAwMDAwMDAwMDAwLCJyZWFkIjozMDAwMDAwMDAwMDAsInVwZGF0ZSI6NjAwMDAwMDAwMDAwfSwic2NoZW1hX3ZlcnNpb24iOiIyIn0=",
          "dependencies": [
            "data.azurerm_client_config.current"
          ]
        }
      ]
    },
    {
      "mode": "managed",
      "type": "azuread_application_federated_identity_credential",
      "name": "github_actions",
      "provider": "provider[\"registry.terraform.io/hashicorp/azuread\"]",
      "instances": [
        {
          "schema_version": 0,
          "attributes": {
            "application_id": "/applications/1505e60f-08a4-4147-aa2e-2b01d21815c0",
            "application_object_id": "1505e60f-08a4-4147-aa2e-2b01d21815c0",
            "audiences": [
              "api://AzureADTokenExchange"
            ],
            "credential_id": "d5942da8-037f-47a7-8035-1b0c4d3a6356",
            "description": "Deployments for whartons/FeedCord-AzContainerApp",
            "display_name": "github-actions-federated",
            "id": "1505e60f-08a4-4147-aa2e-2b01d21815c0/federatedIdentityCredential/d5942da8-037f-47a7-8035-1b0c4d3a6356",
            "issuer": "https://token.actions.githubusercontent.com",
            "subject": "repo:whartons/FeedCord-AzContainerApp:ref:refs/heads/master",
            "timeouts": null
          },
          "sensitive_attributes": [],
          "identity_schema_version": 0,
          "private": "eyJlMmJmYjczMC1lY2FhLTExZTYtOGY4OC0zNDM2M2JjN2M0YzAiOnsiY3JlYXRlIjo5MDAwMDAwMDAwMDAsImRlbGV0ZSI6MzAwMDAwMDAwMDAwLCJyZWFkIjozMDAwMDAwMDAwMDAsInVwZGF0ZSI6MzAwMDAwMDAwMDAwfX0=",
          "dependencies": [
            "azuread_application.github_actions",
            "data.azurerm_client_config.current"
          ]
        }
      ]
    },
    {
      "mode": "managed",
      "type": "azuread_service_principal",
      "name": "github_actions",
      "provider": "provider[\"registry.terraform.io/hashicorp/azuread\"]",
      "instances": [
        {
          "schema_version": 0,
          "attributes": {
            "account_enabled": true,
            "alternative_names": null,
            "app_role_assignment_required": false,
            "app_role_ids": {},
            "app_roles": [],
            "application_id": "bca90f80-24b9-4123-b86c-470934d79ff2",
            "application_tenant_id": "148fdc2b-27f0-4526-9578-2237362e67a7",
            "client_id": "bca90f80-24b9-4123-b86c-470934d79ff2",
            "description": "",
            "display_name": "github-feedcord-sp",
            "feature_tags": [
              {
                "custom_single_sign_on": false,
                "enterprise": false,
                "gallery": false,
                "hide": false
              }
            ],
            "features": [
              {
                "custom_single_sign_on_app": false,
                "enterprise_application": false,
                "gallery_application": false,
                "visible_to_users": true
              }
            ],
            "homepage_url": "",
            "id": "868e2cc8-ef87-4787-8a9f-433aa719dc60",
            "login_url": "",
            "logout_url": "",
            "notes": "",
            "notification_email_addresses": null,
            "oauth2_permission_scope_ids": {},
            "oauth2_permission_scopes": [],
            "object_id": "868e2cc8-ef87-4787-8a9f-433aa719dc60",
            "owners": [
              "8b568897-57cf-47c1-bdeb-d8c6f543d608"
            ],
            "preferred_single_sign_on_mode": "",
            "redirect_uris": [],
            "saml_metadata_url": "",
            "saml_single_sign_on": [
              {
                "relay_state": ""
              }
            ],
            "service_principal_names": [],
            "sign_in_audience": "AzureADMyOrg",
            "tags": [],
            "timeouts": null,
            "type": "Application",
            "use_existing": null
          },
          "sensitive_attributes": [],
          "identity_schema_version": 0,
          "private": "eyJlMmJmYjczMC1lY2FhLTExZTYtOGY4OC0zNDM2M2JjN2M0YzAiOnsiY3JlYXRlIjo2MDAwMDAwMDAwMDAsImRlbGV0ZSI6MzAwMDAwMDAwMDAwLCJyZWFkIjozMDAwMDAwMDAwMDAsInVwZGF0ZSI6NjAwMDAwMDAwMDAwfX0=",
          "dependencies": [
            "azuread_application.github_actions",
            "data.azurerm_client_config.current"
          ]
        }
      ]
    },
    {
      "mode": "managed",
      "type": "azurerm_role_assignment",
      "name": "github_actions",
      "provider": "provider[\"registry.terraform.io/hashicorp/azurerm\"]",
      "instances": [
        {
          "schema_version": 0,
          "attributes": {
            "condition": "",
            "condition_version": "",
            "delegated_managed_identity_resource_id": "",
            "description": "",
            "id": "/subscriptions/a74ef4fa-1be6-424d-ad49-7ed3931f2b4c/providers/Microsoft.Authorization/roleAssignments/bcb5f343-2b17-0305-c7dc-203bfbc9ac50",
            "name": "bcb5f343-2b17-0305-c7dc-203bfbc9ac50",
            "principal_id": "868e2cc8-ef87-4787-8a9f-433aa719dc60",
            "principal_type": "ServicePrincipal",
            "role_definition_id": "/subscriptions/a74ef4fa-1be6-424d-ad49-7ed3931f2b4c/providers/Microsoft.Authorization/roleDefinitions/b24988ac-6180-42a0-ab88-20f7382dd24c",
            "role_definition_name": "Contributor",
            "scope": "/subscriptions/a74ef4fa-1be6-424d-ad49-7ed3931f2b4c",
            "skip_service_principal_aad_check": null,
            "timeouts": null
          },
          "sensitive_attributes": [],
          "identity_schema_version": 0,
          "private": "eyJlMmJmYjczMC1lY2FhLTExZTYtOGY4OC0zNDM2M2JjN2M0YzAiOnsiY3JlYXRlIjoxODAwMDAwMDAwMDAwLCJkZWxldGUiOjE4MDAwMDAwMDAwMDAsInJlYWQiOjMwMDAwMDAwMDAwMH19",
          "dependencies": [
            "azuread_application.github_actions",
            "azuread_service_principal.github_actions",
            "data.azurerm_client_config.current",
            "data.azurerm_subscription.current"
          ]
        }
      ]
    },
    {
      "module": "module.feedcord",
      "mode": "managed",
      "type": "azurerm_container_app",
      "name": "feedcord",
      "provider": "provider[\"registry.terraform.io/hashicorp/azurerm\"]",
      "instances": [
        {
          "schema_version": 0,
          "attributes": {
            "container_app_environment_id": "/subscriptions/a74ef4fa-1be6-424d-ad49-7ed3931f2b4c/resourceGroups/feedcord-rg/providers/Microsoft.App/managedEnvironments/feedcord-env",
            "custom_domain_verification_id": "A2E095ECD3A184309EF97D5EE8BBAD003F2D58E6284C1E87851697B5D8B4B87F",
            "dapr": [],
            "id": "/subscriptions/a74ef4fa-1be6-424d-ad49-7ed3931f2b4c/resourceGroups/feedcord-rg/providers/Microsoft.App/containerApps/feedcord-app",
            "identity": [
              {
                "identity_ids": null,
                "principal_id": "4738758c-6536-4c9b-87b5-dec2cc613423",
                "tenant_id": "148fdc2b-27f0-4526-9578-2237362e67a7",
                "type": "SystemAssigned"
              }
            ],
            "ingress": [
              {
                "allow_insecure_connections": false,
                "client_certificate_mode": "",
                "cors": [],
                "custom_domain": [],
                "exposed_port": 0,
                "external_enabled": true,
                "fqdn": "feedcord-app.icywater-895f4509.eastus.azurecontainerapps.io",
                "ip_security_restriction": [],
                "target_port": 80,
                "traffic_weight": [
                  {
                    "label": "",
                    "latest_revision": true,
                    "percentage": 100,
                    "revision_suffix": ""
                  }
                ],
                "transport": "auto"
              }
            ],
            "latest_revision_fqdn": "feedcord-app--yzdwkpz.icywater-895f4509.eastus.azurecontainerapps.io",
            "latest_revision_name": "feedcord-app--yzdwkpz",
            "location": "eastus",
            "max_inactive_revisions": 0,
            "name": "feedcord-app",
            "outbound_ip_addresses": [
              "20.81.35.231"
            ],
            "registry": [],
            "resource_group_name": "feedcord-rg",
            "revision_mode": "Single",
            "secret": [
              {
                "identity": "",
                "key_vault_secret_id": "",
                "name": "appsettings-json",
                "value": "{\"Logging\":{\"LogLevel\":{\"Default\":\"Information\"}}}"
              }
            ],
            "tags": null,
            "template": [
              {
                "azure_queue_scale_rule": [],
                "container": [
                  {
                    "args": null,
                    "command": null,
                    "cpu": 0.25,
                    "env": [
                      {
                        "name": "APPCONFIG_JSON",
                        "secret_name": "appsettings-json",
                        "value": ""
                      },
                      {
                        "name": "ASPNETCORE_URLS",
                        "secret_name": "",
                        "value": "http://+:80"
                      }
                    ],
                    "ephemeral_storage": "1Gi",
                    "image": "mcr.microsoft.com/azuredocs/containerapps-helloworld:latest",
                    "liveness_probe": [],
                    "memory": "0.5Gi",
                    "name": "feedcord",
                    "readiness_probe": [],
                    "startup_probe": [],
                    "volume_mounts": []
                  }
                ],
                "cooldown_period_in_seconds": 300,
                "custom_scale_rule": [],
                "http_scale_rule": [],
                "init_container": [],
                "max_replicas": 1,
                "min_replicas": 1,
                "polling_interval_in_seconds": 30,
                "revision_suffix": "",
                "tcp_scale_rule": [],
                "termination_grace_period_seconds": 0,
                "volume": []
              }
            ],
            "timeouts": null,
            "workload_profile_name": ""
          },
          "sensitive_attributes": [
            [
              {
                "type": "get_attr",
                "value": "custom_domain_verification_id"
              }
            ],
            [
              {
                "type": "get_attr",
                "value": "secret"
              }
            ]
          ],
          "identity_schema_version": 0,
          "private": "eyJlMmJmYjczMC1lY2FhLTExZTYtOGY4OC0zNDM2M2JjN2M0YzAiOnsiY3JlYXRlIjoxODAwMDAwMDAwMDAwLCJkZWxldGUiOjE4MDAwMDAwMDAwMDAsInJlYWQiOjMwMDAwMDAwMDAwMCwidXBkYXRlIjoxODAwMDAwMDAwMDAwfX0=",
          "dependencies": [
            "module.feedcord.azurerm_container_app_environment.env",
            "module.feedcord.azurerm_resource_group.rg"
          ]
        }
      ]
    },
    {
      "module": "module.feedcord",
      "mode": "managed",
      "type": "azurerm_container_app_environment",
      "name": "env",
      "provider": "provider[\"registry.terraform.io/hashicorp/azurerm\"]",
      "instances": [
        {
          "schema_version": 0,
          "attributes": {
            "custom_domain_verification_id": "A2E095ECD3A184309EF97D5EE8BBAD003F2D58E6284C1E87851697B5D8B4B87F",
            "dapr_application_insights_connection_string": "",
            "default_domain": "icywater-895f4509.eastus.azurecontainerapps.io",
            "docker_bridge_cidr": "",
            "id": "/subscriptions/a74ef4fa-1be6-424d-ad49-7ed3931f2b4c/resourceGroups/feedcord-rg/providers/Microsoft.App/managedEnvironments/feedcord-env",
            "identity": [],
            "infrastructure_resource_group_name": "",
            "infrastructure_subnet_id": "",
            "internal_load_balancer_enabled": false,
            "location": "eastus",
            "log_analytics_workspace_id": "",
            "logs_destination": "",
            "mutual_tls_enabled": false,
            "name": "feedcord-env",
            "platform_reserved_cidr": "",
            "platform_reserved_dns_ip_address": "",
            "public_network_access": "Enabled",
            "resource_group_name": "feedcord-rg",
            "static_ip_address": "57.151.44.105",
            "tags": null,
            "timeouts": null,
            "workload_profile": [],
            "zone_redundancy_enabled": false
          },
          "sensitive_attributes": [
            [
              {
                "type": "get_attr",
                "value": "dapr_application_insights_connection_string"
              }
            ]
          ],
          "identity_schema_version": 0,
          "private": "eyJlMmJmYjczMC1lY2FhLTExZTYtOGY4OC0zNDM2M2JjN2M0YzAiOnsiY3JlYXRlIjoxODAwMDAwMDAwMDAwLCJkZWxldGUiOjE4MDAwMDAwMDAwMDAsInJlYWQiOjMwMDAwMDAwMDAwMCwidXBkYXRlIjoxODAwMDAwMDAwMDAwfX0=",
          "dependencies": [
            "module.feedcord.azurerm_resource_group.rg"
          ]
        }
      ]
    },
    {
      "module": "module.feedcord",
      "mode": "managed",
      "type": "azurerm_container_registry",
      "name": "acr",
      "provider": "provider[\"registry.terraform.io/hashicorp/azurerm\"]",
      "instances": [
        {
          "schema_version": 2,
          "attributes": {
            "admin_enabled": false,
            "admin_password": "",
            "admin_username": "",
            "anonymous_pull_enabled": false,
            "data_endpoint_enabled": false,
            "data_endpoint_host_names": [],
            "encryption": [],
            "export_policy_enabled": true,
            "georeplications": [],
            "id": "/subscriptions/a74ef4fa-1be6-424d-ad49-7ed3931f2b4c/resourceGroups/feedcord-rg/providers/Microsoft.ContainerRegistry/registries/feedcordacr",
            "identity": [],
            "location": "eastus",
            "login_server": "feedcordacr.azurecr.io",
            "name": "feedcordacr",
            "network_rule_bypass_option": "AzureServices",
            "network_rule_set": [],
            "public_network_access_enabled": true,
            "quarantine_policy_enabled": false,
            "resource_group_name": "feedcord-rg",
            "retention_policy_in_days": 0,
            "sku": "Basic",
            "tags": null,
            "timeouts": null,
            "trust_policy_enabled": false,
            "zone_redundancy_enabled": false
          },
          "sensitive_attributes": [
            [
              {
                "type": "get_attr",
                "value": "admin_password"
              }
            ]
          ],
          "identity_schema_version": 0,
          "private": "eyJlMmJmYjczMC1lY2FhLTExZTYtOGY4OC0zNDM2M2JjN2M0YzAiOnsiY3JlYXRlIjoxODAwMDAwMDAwMDAwLCJkZWxldGUiOjE4MDAwMDAwMDAwMDAsInJlYWQiOjMwMDAwMDAwMDAwMCwidXBkYXRlIjoxODAwMDAwMDAwMDAwfSwic2NoZW1hX3ZlcnNpb24iOiIyIn0=",
          "dependencies": [
            "module.feedcord.azurerm_resource_group.rg"
          ]
        }
      ]
    },
    {
      "module": "module.feedcord",
      "mode": "managed",
      "type": "azurerm_resource_group",
      "name": "rg",
      "provider": "provider[\"registry.terraform.io/hashicorp/azurerm\"]",
      "instances": [
        {
          "schema_version": 0,
          "attributes": {
            "id": "/subscriptions/a74ef4fa-1be6-424d-ad49-7ed3931f2b4c/resourceGroups/feedcord-rg",
            "location": "eastus",
            "managed_by": "",
            "name": "feedcord-rg",
            "tags": null,
            "timeouts": null
          },
          "sensitive_attributes": [],
          "identity_schema_version": 0,
          "identity": {
            "name": "feedcord-rg",
            "subscription_id": "a74ef4fa-1be6-424d-ad49-7ed3931f2b4c"
          },
          "private": "eyJlMmJmYjczMC1lY2FhLTExZTYtOGY4OC0zNDM2M2JjN2M0YzAiOnsiY3JlYXRlIjo1NDAwMDAwMDAwMDAwLCJkZWxldGUiOjU0MDAwMDAwMDAwMDAsInJlYWQiOjMwMDAwMDAwMDAwMCwidXBkYXRlIjo1NDAwMDAwMDAwMDAwfX0="
        }
      ]
    },
    {
      "module": "module.feedcord",
      "mode": "managed",
      "type": "azurerm_role_assignment",
      "name": "acr_pull",
      "provider": "provider[\"registry.terraform.io/hashicorp/azurerm\"]",
      "instances": [
        {
          "schema_version": 0,
          "attributes": {
            "condition": "",
            "condition_version": "",
            "delegated_managed_identity_resource_id": "",
            "description": "",
            "id": "/subscriptions/a74ef4fa-1be6-424d-ad49-7ed3931f2b4c/resourceGroups/feedcord-rg/providers/Microsoft.ContainerRegistry/registries/feedcordacr/providers/Microsoft.Authorization/roleAssignments/2424bbff-e0c3-da0c-1770-b7ba8b471447",
            "name": "2424bbff-e0c3-da0c-1770-b7ba8b471447",
            "principal_id": "4738758c-6536-4c9b-87b5-dec2cc613423",
            "principal_type": "ServicePrincipal",
            "role_definition_id": "/subscriptions/a74ef4fa-1be6-424d-ad49-7ed3931f2b4c/providers/Microsoft.Authorization/roleDefinitions/7f951dda-4ed3-4680-a7ca-43fe172d538d",
            "role_definition_name": "AcrPull",
            "scope": "/subscriptions/a74ef4fa-1be6-424d-ad49-7ed3931f2b4c/resourceGroups/feedcord-rg/providers/Microsoft.ContainerRegistry/registries/feedcordacr",
            "skip_service_principal_aad_check": null,
            "timeouts": null
          },
          "sensitive_attributes": [],
          "identity_schema_version": 0,
          "private": "eyJlMmJmYjczMC1lY2FhLTExZTYtOGY4OC0zNDM2M2JjN2M0YzAiOnsiY3JlYXRlIjoxODAwMDAwMDAwMDAwLCJkZWxldGUiOjE4MDAwMDAwMDAwMDAsInJlYWQiOjMwMDAwMDAwMDAwMH19",
          "dependencies": [
            "module.feedcord.azurerm_container_app.feedcord",
            "module.feedcord.azurerm_container_app_environment.env",
            "module.feedcord.azurerm_container_registry.acr",
            "module.feedcord.azurerm_resource_group.rg"
          ]
        }
      ]
    }
  ],
  "check_results": null
}
